# This file is automatically @generated by Cargo.
# It is not intended for manual editing.
version = 4

[[package]]
name = "rlpg-common"
version = "0.1.0"

[[package]]
name = "rlpg-trainer"
version = "0.1.0"
dependencies = [
 "rlpg-common",
]

[[package]]
name = "rlpg-viewer"
version = "0.1.0"
dependencies = [
 "rlpg-common",
]
